
Microsoft Visual Studio Solution File, Format Version 12.00
# Visual Studio 15
VisualStudioVersion = 15.0.26403.7
MinimumVisualStudioVersion = 10.0.40219.1
Project("{2150E333-8FDC-42A3-9474-1A3956D46DE8}") = "Client", "Client", "{102FD860-9FDA-47CD-8ECF-7C3BB1CA426D}"
EndProject
Project("{FAE04EC0-301F-11D3-BF4B-00C04F79EFBC}") = "OG.PD.Client.Entities", "OG.PD.Client.Entities\OG.PD.Client.Entities.csproj", "{0F8D11EA-076D-4039-8C76-DFA0FECAB739}"
EndProject
Project("{FAE04EC0-301F-11D3-BF4B-00C04F79EFBC}") = "OG.PD.Client.Bootstrapper", "OG.PD.Client.Bootstrapper\OG.PD.Client.Bootstrapper.csproj", "{467C2B63-6BDC-4A45-A5FA-46382C872C59}"
EndProject
Project("{FAE04EC0-301F-11D3-BF4B-00C04F79EFBC}") = "OG.PD.Client.Desktop", "PD.OG.Client.Desktop\OG.PD.Client.Desktop.csproj", "{244F81C1-6A28-4B33-B3AA-BF32C76CE71F}"
EndProject
Project("{2150E333-8FDC-42A3-9474-1A3956D46DE8}") = "Host", "Host", "{DFC88BD3-2A95-4F69-9D4E-179631B63F9A}"
EndProject
Project("{FAE04EC0-301F-11D3-BF4B-00C04F79EFBC}") = "OG.PD.Host.ConsoleHost", "OG.PD.Host.ConsoleHost\OG.PD.Host.ConsoleHost.csproj", "{BBFCE834-D3CF-424A-AE84-7143A3C44B03}"
EndProject
Project("{2150E333-8FDC-42A3-9474-1A3956D46DE8}") = "Business", "Business", "{7C568DF4-29FE-4D18-8FFC-EDD3F90D5633}"
EndProject
Project("{FAE04EC0-301F-11D3-BF4B-00C04F79EFBC}") = "OG.PD.Business", "OG.PD.Business\OG.PD.Business.csproj", "{EE2D0A41-6B0A-477C-B906-6431E3DC1BB9}"
EndProject
Project("{FAE04EC0-301F-11D3-BF4B-00C04F79EFBC}") = "OG.PD.Business.Entities", "OG.PD.Business.Entities\OG.PD.Business.Entities.csproj", "{DCC0C67E-1D13-4E8B-A031-9921C170F0AC}"
EndProject
Project("{2150E333-8FDC-42A3-9474-1A3956D46DE8}") = "Common", "Common", "{CE583B8F-2480-4696-9B77-05FADCDBB626}"
EndProject
Project("{FAE04EC0-301F-11D3-BF4B-00C04F79EFBC}") = "OG.PD.Common", "OG.PD.Common\OG.PD.Common.csproj", "{64334F47-A545-4D3D-BD73-3BCAA8751CEE}"
EndProject
Project("{2150E333-8FDC-42A3-9474-1A3956D46DE8}") = "Tests", "Tests", "{0141CA59-FF87-4DAF-882B-536A79764210}"
EndProject
Project("{FAE04EC0-301F-11D3-BF4B-00C04F79EFBC}") = "OG.PD.Client.Desktop.Tests", "OG.PD.Client.Desktop.Tests\OG.PD.Client.Desktop.Tests.csproj", "{426AF2DF-F0D0-4771-BCD2-3B4D4909E486}"
EndProject
Global
	GlobalSection(SolutionConfigurationPlatforms) = preSolution
		Debug|Any CPU = Debug|Any CPU
		Release|Any CPU = Release|Any CPU
	EndGlobalSection
	GlobalSection(ProjectConfigurationPlatforms) = postSolution
		{0F8D11EA-076D-4039-8C76-DFA0FECAB739}.Debug|Any CPU.ActiveCfg = Debug|Any CPU
		{0F8D11EA-076D-4039-8C76-DFA0FECAB739}.Debug|Any CPU.Build.0 = Debug|Any CPU
		{0F8D11EA-076D-4039-8C76-DFA0FECAB739}.Release|Any CPU.ActiveCfg = Release|Any CPU
		{0F8D11EA-076D-4039-8C76-DFA0FECAB739}.Release|Any CPU.Build.0 = Release|Any CPU
		{467C2B63-6BDC-4A45-A5FA-46382C872C59}.Debug|Any CPU.ActiveCfg = Debug|Any CPU
		{467C2B63-6BDC-4A45-A5FA-46382C872C59}.Debug|Any CPU.Build.0 = Debug|Any CPU
		{467C2B63-6BDC-4A45-A5FA-46382C872C59}.Release|Any CPU.ActiveCfg = Release|Any CPU
		{467C2B63-6BDC-4A45-A5FA-46382C872C59}.Release|Any CPU.Build.0 = Release|Any CPU
		{244F81C1-6A28-4B33-B3AA-BF32C76CE71F}.Debug|Any CPU.ActiveCfg = Debug|Any CPU
		{244F81C1-6A28-4B33-B3AA-BF32C76CE71F}.Debug|Any CPU.Build.0 = Debug|Any CPU
		{244F81C1-6A28-4B33-B3AA-BF32C76CE71F}.Release|Any CPU.ActiveCfg = Release|Any CPU
		{244F81C1-6A28-4B33-B3AA-BF32C76CE71F}.Release|Any CPU.Build.0 = Release|Any CPU
		{BBFCE834-D3CF-424A-AE84-7143A3C44B03}.Debug|Any CPU.ActiveCfg = Debug|Any CPU
		{BBFCE834-D3CF-424A-AE84-7143A3C44B03}.Debug|Any CPU.Build.0 = Debug|Any CPU
		{BBFCE834-D3CF-424A-AE84-7143A3C44B03}.Release|Any CPU.ActiveCfg = Release|Any CPU
		{BBFCE834-D3CF-424A-AE84-7143A3C44B03}.Release|Any CPU.Build.0 = Release|Any CPU
		{EE2D0A41-6B0A-477C-B906-6431E3DC1BB9}.Debug|Any CPU.ActiveCfg = Debug|Any CPU
		{EE2D0A41-6B0A-477C-B906-6431E3DC1BB9}.Debug|Any CPU.Build.0 = Debug|Any CPU
		{EE2D0A41-6B0A-477C-B906-6431E3DC1BB9}.Release|Any CPU.ActiveCfg = Release|Any CPU
		{EE2D0A41-6B0A-477C-B906-6431E3DC1BB9}.Release|Any CPU.Build.0 = Release|Any CPU
		{DCC0C67E-1D13-4E8B-A031-9921C170F0AC}.Debug|Any CPU.ActiveCfg = Debug|Any CPU
		{DCC0C67E-1D13-4E8B-A031-9921C170F0AC}.Debug|Any CPU.Build.0 = Debug|Any CPU
		{DCC0C67E-1D13-4E8B-A031-9921C170F0AC}.Release|Any CPU.ActiveCfg = Release|Any CPU
		{DCC0C67E-1D13-4E8B-A031-9921C170F0AC}.Release|Any CPU.Build.0 = Release|Any CPU
		{64334F47-A545-4D3D-BD73-3BCAA8751CEE}.Debug|Any CPU.ActiveCfg = Debug|Any CPU
		{64334F47-A545-4D3D-BD73-3BCAA8751CEE}.Debug|Any CPU.Build.0 = Debug|Any CPU
		{64334F47-A545-4D3D-BD73-3BCAA8751CEE}.Release|Any CPU.ActiveCfg = Release|Any CPU
		{64334F47-A545-4D3D-BD73-3BCAA8751CEE}.Release|Any CPU.Build.0 = Release|Any CPU
		{426AF2DF-F0D0-4771-BCD2-3B4D4909E486}.Debug|Any CPU.ActiveCfg = Debug|Any CPU
		{426AF2DF-F0D0-4771-BCD2-3B4D4909E486}.Debug|Any CPU.Build.0 = Debug|Any CPU
		{426AF2DF-F0D0-4771-BCD2-3B4D4909E486}.Release|Any CPU.ActiveCfg = Release|Any CPU
		{426AF2DF-F0D0-4771-BCD2-3B4D4909E486}.Release|Any CPU.Build.0 = Release|Any CPU
	EndGlobalSection
	GlobalSection(SolutionProperties) = preSolution
		HideSolutionNode = FALSE
	EndGlobalSection
	GlobalSection(NestedProjects) = preSolution
		{0F8D11EA-076D-4039-8C76-DFA0FECAB739} = {102FD860-9FDA-47CD-8ECF-7C3BB1CA426D}
		{467C2B63-6BDC-4A45-A5FA-46382C872C59} = {102FD860-9FDA-47CD-8ECF-7C3BB1CA426D}
		{244F81C1-6A28-4B33-B3AA-BF32C76CE71F} = {102FD860-9FDA-47CD-8ECF-7C3BB1CA426D}
		{BBFCE834-D3CF-424A-AE84-7143A3C44B03} = {DFC88BD3-2A95-4F69-9D4E-179631B63F9A}
		{EE2D0A41-6B0A-477C-B906-6431E3DC1BB9} = {7C568DF4-29FE-4D18-8FFC-EDD3F90D5633}
		{DCC0C67E-1D13-4E8B-A031-9921C170F0AC} = {7C568DF4-29FE-4D18-8FFC-EDD3F90D5633}
		{64334F47-A545-4D3D-BD73-3BCAA8751CEE} = {CE583B8F-2480-4696-9B77-05FADCDBB626}
		{426AF2DF-F0D0-4771-BCD2-3B4D4909E486} = {0141CA59-FF87-4DAF-882B-536A79764210}
	EndGlobalSection
EndGlobal
